
Microsoft Visual Studio Solution File, Format Version 12.00
# Visual Studio Version 17
VisualStudioVersion = 17.0.31912.275
MinimumVisualStudioVersion = 10.0.40219.1
Project("{FAE04EC0-301F-11D3-BF4B-00C04F79EFBC}") = "ConsoleApp6", "ConsoleApp6\ConsoleApp6.csproj", "{79C9BAEA-F02E-4F08-A9F4-82D7DF00A065}"
EndProject
Global
	GlobalSection(SolutionConfigurationPlatforms) = preSolution
		Debug|Any CPU = Debug|Any CPU
		Release|Any CPU = Release|Any CPU
	EndGlobalSection
	GlobalSection(ProjectConfigurationPlatforms) = postSolution
		{79C9BAEA-F02E-4F08-A9F4-82D7DF00A065}.Debug|Any CPU.ActiveCfg = Debug|Any CPU
		{79C9BAEA-F02E-4F08-A9F4-82D7DF00A065}.Debug|Any CPU.Build.0 = Debug|Any CPU
		{79C9BAEA-F02E-4F08-A9F4-82D7DF00A065}.Release|Any CPU.ActiveCfg = Release|Any CPU
		{79C9BAEA-F02E-4F08-A9F4-82D7DF00A065}.Release|Any CPU.Build.0 = Release|Any CPU
	EndGlobalSection
	GlobalSection(SolutionProperties) = preSolution
		HideSolutionNode = FALSE
	EndGlobalSection
	GlobalSection(ExtensibilityGlobals) = postSolution
		SolutionGuid = {5DDDE814-2188-4B6F-B151-8E89F251FF81}
	EndGlobalSection
EndGlobal
